{
  "name": "vuejs-graphql",
  "version": "1.0.0",
  "lockfileVersion": 1,
  "requires": true,
  "dependencies": {
    "@types/async": {
      "version": "2.0.44",
      "resolved": "https://registry.npmjs.org/@types/async/-/async-2.0.44.tgz",
      "integrity": "sha512-tE5HO+BSq3xfLWTaXyty1ITfs9Uu8CA4dYf1TeEtcPAtQEOY0c/oZYMtbEHFsUExD0g+sWmKYxtjeRQ2ywrp8Q==",
      "optional": true
    },
    "apollo-cache": {
      "version": "1.0.0",
      "resolved": "https://registry.npmjs.org/apollo-cache/-/apollo-cache-1.0.0.tgz",
      "integrity": "sha512-hvujtpTtZWh0/DmDcQsCzF2MyDZW30BuHLhvZyVG/kTjhWvrMurgRr5lR2U3P/pUDi0na5IomWTBlKaszwgerA==",
      "requires": {
        "apollo-utilities": "1.0.1"
      }
    },
    "apollo-client": {
      "version": "2.0.1",
      "resolved": "https://registry.npmjs.org/apollo-client/-/apollo-client-2.0.1.tgz",
      "integrity": "sha512-zxzvVGzSm51Dy8+xou9IIeYjPgOI2AY1EvuP4mROKTRXO8HDleTmmEAwjeFuPlF1i/8JMrBbLt1J+CJjaren0Q==",
      "requires": {
        "@types/async": "2.0.44",
        "apollo-cache": "1.0.0",
        "apollo-link": "1.0.0",
        "apollo-link-dedup": "1.0.0",
        "apollo-utilities": "1.0.1",
        "symbol-observable": "1.0.4"
      }
    },
    "apollo-link": {
      "version": "1.0.0",
      "resolved": "https://registry.npmjs.org/apollo-link/-/apollo-link-1.0.0.tgz",
      "integrity": "sha512-tlbNNokM4v6I6PAQ19dV8hhykqkuqgT00DgH6b5I0dTTiJL7i4bNLVm+X6Si/cqu66akvjuRQsqUgjH3Du0Cgw==",
      "requires": {
        "apollo-utilities": "0.2.0-rc.3",
        "zen-observable": "0.6.0"
      },
      "dependencies": {
        "apollo-utilities": {
          "version": "0.2.0-rc.3",
          "resolved": "https://registry.npmjs.org/apollo-utilities/-/apollo-utilities-0.2.0-rc.3.tgz",
          "integrity": "sha512-UM5ok/DUKSgh/3T302hoPqCAhqfXdvBaQKOQJb0QUuX3qu2qVKzvwFsv/C3zWYySeCJTP9EoV2LtooIJOhSL4g=="
        }
      }
    },
    "apollo-link-dedup": {
      "version": "1.0.0",
      "resolved": "https://registry.npmjs.org/apollo-link-dedup/-/apollo-link-dedup-1.0.0.tgz",
      "integrity": "sha512-9ARdvKl/Y1Cgz+Hx7IMPYToOiwD+88F5wcRs/RS2gmkNivy9qfDhGddTvEvi01urBYaXSKWuOL5xVU4Hqy2Hbg=="
    },
    "apollo-utilities": {
      "version": "1.0.1",
      "resolved": "https://registry.npmjs.org/apollo-utilities/-/apollo-utilities-1.0.1.tgz",
      "integrity": "sha512-o41biJGBjGCE9Nc6oDA+z0Q/rTeXj8WDqZ3v5Y2v1vwywg2VehY7sPWUm37eXa+FvE7aYMMR9gbIoRLAtbIzYQ=="
    },
    "lodash.debounce": {
      "version": "4.0.8",
      "resolved": "https://registry.npmjs.org/lodash.debounce/-/lodash.debounce-4.0.8.tgz",
      "integrity": "sha1-gteb/zCmfEAF/9XiUVMArZyk168="
    },
    "lodash.omit": {
      "version": "4.5.0",
      "resolved": "https://registry.npmjs.org/lodash.omit/-/lodash.omit-4.5.0.tgz",
      "integrity": "sha1-brGa5aHuHdnfC5aeZs4Lf6MLXmA="
    },
    "lodash.throttle": {
      "version": "4.1.1",
      "resolved": "https://registry.npmjs.org/lodash.throttle/-/lodash.throttle-4.1.1.tgz",
      "integrity": "sha1-wj6RtxAkKscMN/HhzaknTMOb8vQ="
    },
    "symbol-observable": {
      "version": "1.0.4",
      "resolved": "https://registry.npmjs.org/symbol-observable/-/symbol-observable-1.0.4.tgz",
      "integrity": "sha1-Kb9hXUqnEhvdiYsi1LP5vE4qoD0="
    },
    "vue-apollo": {
      "version": "3.0.0-alpha.2",
      "resolved": "https://registry.npmjs.org/vue-apollo/-/vue-apollo-3.0.0-alpha.2.tgz",
      "integrity": "sha512-glxJV3SJtP0ndaH9cq0HGugKkOJv/a9BU7aHBa32pj9KSmJZ11/qKXVrUhlipAtn0AGdNIzTJSI62iwfD2PRdw==",
      "requires": {
        "lodash.debounce": "4.0.8",
        "lodash.omit": "4.5.0",
        "lodash.throttle": "4.1.1"
      }
    },
    "zen-observable": {
      "version": "0.6.0",
      "resolved": "https://registry.npmjs.org/zen-observable/-/zen-observable-0.6.0.tgz",
      "integrity": "sha512-G5v4eFZ1+qJC9U3iyldcc7OLsYfFf6/+/vywU3acbq0qq1PdFXsyfqtOUaQSTwhdbejO7AQWil3GzHxYlMchIg=="
    }
  }
}
